
Microsoft Visual Studio Solution File, Format Version 12.00
# Visual Studio Version 17
VisualStudioVersion = 17.5.33414.496
MinimumVisualStudioVersion = 10.0.40219.1
Project("{9A19103F-16F7-4668-BE54-9A1E7A4F7556}") = "AbatabLieutenant", "AbatabLieutenant\AbatabLieutenant.csproj", "{FAA02665-9F07-4F7E-B179-555805B28EAA}"
EndProject
Global
	GlobalSection(SolutionConfigurationPlatforms) = preSolution
		Debug|Any CPU = Debug|Any CPU
		Release|Any CPU = Release|Any CPU
	EndGlobalSection
	GlobalSection(ProjectConfigurationPlatforms) = postSolution
		{FAA02665-9F07-4F7E-B179-555805B28EAA}.Debug|Any CPU.ActiveCfg = Debug|Any CPU
		{FAA02665-9F07-4F7E-B179-555805B28EAA}.Debug|Any CPU.Build.0 = Debug|Any CPU
		{FAA02665-9F07-4F7E-B179-555805B28EAA}.Release|Any CPU.ActiveCfg = Release|Any CPU
		{FAA02665-9F07-4F7E-B179-555805B28EAA}.Release|Any CPU.Build.0 = Release|Any CPU
	EndGlobalSection
	GlobalSection(SolutionProperties) = preSolution
		HideSolutionNode = FALSE
	EndGlobalSection
	GlobalSection(ExtensibilityGlobals) = postSolution
		SolutionGuid = {BDCB60FD-77E2-427B-B64A-483DD5105E07}
	EndGlobalSection
EndGlobal
