
Microsoft Visual Studio Solution File, Format Version 12.00
# Visual Studio Version 17
VisualStudioVersion = 17.4.33213.308
MinimumVisualStudioVersion = 10.0.40219.1
Project("{9A19103F-16F7-4668-BE54-9A1E7A4F7556}") = "AbatabLieutenant", "AbatabLieutenant\AbatabLieutenant.csproj", "{E56DD599-C05C-4084-99EF-122442314A85}"
EndProject
Project("{9A19103F-16F7-4668-BE54-9A1E7A4F7556}") = "Abacab", "..\..\Abacab\src\Abacab\Abacab.csproj", "{8535CCD3-5F71-4C4B-8A28-C1B698B85C54}"
EndProject
Global
	GlobalSection(SolutionConfigurationPlatforms) = preSolution
		Debug|Any CPU = Debug|Any CPU
		Release|Any CPU = Release|Any CPU
	EndGlobalSection
	GlobalSection(ProjectConfigurationPlatforms) = postSolution
		{E56DD599-C05C-4084-99EF-122442314A85}.Debug|Any CPU.ActiveCfg = Debug|Any CPU
		{E56DD599-C05C-4084-99EF-122442314A85}.Debug|Any CPU.Build.0 = Debug|Any CPU
		{E56DD599-C05C-4084-99EF-122442314A85}.Release|Any CPU.ActiveCfg = Release|Any CPU
		{E56DD599-C05C-4084-99EF-122442314A85}.Release|Any CPU.Build.0 = Release|Any CPU
		{8535CCD3-5F71-4C4B-8A28-C1B698B85C54}.Debug|Any CPU.ActiveCfg = Debug|Any CPU
		{8535CCD3-5F71-4C4B-8A28-C1B698B85C54}.Debug|Any CPU.Build.0 = Debug|Any CPU
		{8535CCD3-5F71-4C4B-8A28-C1B698B85C54}.Release|Any CPU.ActiveCfg = Release|Any CPU
		{8535CCD3-5F71-4C4B-8A28-C1B698B85C54}.Release|Any CPU.Build.0 = Release|Any CPU
	EndGlobalSection
	GlobalSection(SolutionProperties) = preSolution
		HideSolutionNode = FALSE
	EndGlobalSection
	GlobalSection(ExtensibilityGlobals) = postSolution
		SolutionGuid = {3E6346C5-39D2-43B6-9CB9-DABA357DCCC1}
	EndGlobalSection
EndGlobal
